
Microsoft Visual Studio Solution File, Format Version 12.00
# Visual Studio Version 16
VisualStudioVersion = 16.0.808.2
MinimumVisualStudioVersion = 10.0.40219.1
Project("{FAE04EC0-301F-11D3-BF4B-00C04F79EFBC}") = "ToDoList.Android", "ToDoList.Android\ToDoList.Android.csproj", "{F1D342C9-61A4-4783-978A-181AAFA0140C}"
EndProject
Project("{FAE04EC0-301F-11D3-BF4B-00C04F79EFBC}") = "ToDoList.iOS", "ToDoList.iOS\ToDoList.iOS.csproj", "{7091DF82-3F2B-4337-A98B-4FCE570C00D7}"
EndProject
Project("{FAE04EC0-301F-11D3-BF4B-00C04F79EFBC}") = "ToDoList", "ToDoList\ToDoList.csproj", "{778646EF-6EC8-4F3F-AED3-89105295E293}"
EndProject
Global
	GlobalSection(SolutionConfigurationPlatforms) = preSolution
		Debug|Any CPU = Debug|Any CPU
		Release|Any CPU = Release|Any CPU
		Debug|iPhoneSimulator = Debug|iPhoneSimulator
		Release|iPhoneSimulator = Release|iPhoneSimulator
		Debug|iPhone = Debug|iPhone
		Release|iPhone = Release|iPhone
	EndGlobalSection
	GlobalSection(ProjectConfigurationPlatforms) = postSolution
		{F1D342C9-61A4-4783-978A-181AAFA0140C}.Debug|Any CPU.ActiveCfg = Debug|Any CPU
		{F1D342C9-61A4-4783-978A-181AAFA0140C}.Debug|Any CPU.Build.0 = Debug|Any CPU
		{F1D342C9-61A4-4783-978A-181AAFA0140C}.Release|Any CPU.ActiveCfg = Release|Any CPU
		{F1D342C9-61A4-4783-978A-181AAFA0140C}.Release|Any CPU.Build.0 = Release|Any CPU
		{F1D342C9-61A4-4783-978A-181AAFA0140C}.Debug|iPhoneSimulator.ActiveCfg = Debug|Any CPU
		{F1D342C9-61A4-4783-978A-181AAFA0140C}.Debug|iPhoneSimulator.Build.0 = Debug|Any CPU
		{F1D342C9-61A4-4783-978A-181AAFA0140C}.Release|iPhoneSimulator.ActiveCfg = Release|Any CPU
		{F1D342C9-61A4-4783-978A-181AAFA0140C}.Release|iPhoneSimulator.Build.0 = Release|Any CPU
		{F1D342C9-61A4-4783-978A-181AAFA0140C}.Debug|iPhone.ActiveCfg = Debug|Any CPU
		{F1D342C9-61A4-4783-978A-181AAFA0140C}.Debug|iPhone.Build.0 = Debug|Any CPU
		{F1D342C9-61A4-4783-978A-181AAFA0140C}.Release|iPhone.ActiveCfg = Release|Any CPU
		{F1D342C9-61A4-4783-978A-181AAFA0140C}.Release|iPhone.Build.0 = Release|Any CPU
		{7091DF82-3F2B-4337-A98B-4FCE570C00D7}.Debug|Any CPU.ActiveCfg = Debug|iPhoneSimulator
		{7091DF82-3F2B-4337-A98B-4FCE570C00D7}.Debug|Any CPU.Build.0 = Debug|iPhoneSimulator
		{7091DF82-3F2B-4337-A98B-4FCE570C00D7}.Release|Any CPU.ActiveCfg = Release|iPhoneSimulator
		{7091DF82-3F2B-4337-A98B-4FCE570C00D7}.Release|Any CPU.Build.0 = Release|iPhoneSimulator
		{7091DF82-3F2B-4337-A98B-4FCE570C00D7}.Debug|iPhoneSimulator.ActiveCfg = Debug|iPhoneSimulator
		{7091DF82-3F2B-4337-A98B-4FCE570C00D7}.Debug|iPhoneSimulator.Build.0 = Debug|iPhoneSimulator
		{7091DF82-3F2B-4337-A98B-4FCE570C00D7}.Release|iPhoneSimulator.ActiveCfg = Release|iPhoneSimulator
		{7091DF82-3F2B-4337-A98B-4FCE570C00D7}.Release|iPhoneSimulator.Build.0 = Release|iPhoneSimulator
		{7091DF82-3F2B-4337-A98B-4FCE570C00D7}.Debug|iPhone.ActiveCfg = Debug|iPhone
		{7091DF82-3F2B-4337-A98B-4FCE570C00D7}.Debug|iPhone.Build.0 = Debug|iPhone
		{7091DF82-3F2B-4337-A98B-4FCE570C00D7}.Release|iPhone.ActiveCfg = Release|iPhone
		{7091DF82-3F2B-4337-A98B-4FCE570C00D7}.Release|iPhone.Build.0 = Release|iPhone
		{778646EF-6EC8-4F3F-AED3-89105295E293}.Debug|Any CPU.ActiveCfg = Debug|Any CPU
		{778646EF-6EC8-4F3F-AED3-89105295E293}.Debug|Any CPU.Build.0 = Debug|Any CPU
		{778646EF-6EC8-4F3F-AED3-89105295E293}.Release|Any CPU.ActiveCfg = Release|Any CPU
		{778646EF-6EC8-4F3F-AED3-89105295E293}.Release|Any CPU.Build.0 = Release|Any CPU
		{778646EF-6EC8-4F3F-AED3-89105295E293}.Debug|iPhoneSimulator.ActiveCfg = Debug|Any CPU
		{778646EF-6EC8-4F3F-AED3-89105295E293}.Debug|iPhoneSimulator.Build.0 = Debug|Any CPU
		{778646EF-6EC8-4F3F-AED3-89105295E293}.Release|iPhoneSimulator.ActiveCfg = Release|Any CPU
		{778646EF-6EC8-4F3F-AED3-89105295E293}.Release|iPhoneSimulator.Build.0 = Release|Any CPU
		{778646EF-6EC8-4F3F-AED3-89105295E293}.Debug|iPhone.ActiveCfg = Debug|Any CPU
		{778646EF-6EC8-4F3F-AED3-89105295E293}.Debug|iPhone.Build.0 = Debug|Any CPU
		{778646EF-6EC8-4F3F-AED3-89105295E293}.Release|iPhone.ActiveCfg = Release|Any CPU
		{778646EF-6EC8-4F3F-AED3-89105295E293}.Release|iPhone.Build.0 = Release|Any CPU
	EndGlobalSection
	GlobalSection(SolutionProperties) = preSolution
		HideSolutionNode = FALSE
	EndGlobalSection
	GlobalSection(ExtensibilityGlobals) = postSolution
		SolutionGuid = {CB7AA2D5-23FE-4363-BDCB-88EB477981CE}
	EndGlobalSection
EndGlobal
