
Microsoft Visual Studio Solution File, Format Version 12.00
# Visual Studio 15
Project("{FAE04EC0-301F-11D3-BF4B-00C04F79EFBC}") = "ToDoList.Mac", "ToDoList.Mac\ToDoList.Mac.csproj", "{F201B1FD-BD84-4192-8C6E-3D185122CEB4}"
EndProject
Project("{FAE04EC0-301F-11D3-BF4B-00C04F79EFBC}") = "ToDoList.Core", "ToDoList.Core\ToDoList.Core.csproj", "{09AC88AB-ECE5-4544-A16D-21AEC4E10B32}"
EndProject
Global
	GlobalSection(SolutionConfigurationPlatforms) = preSolution
		Debug|Any CPU = Debug|Any CPU
		Release|Any CPU = Release|Any CPU
	EndGlobalSection
	GlobalSection(ProjectConfigurationPlatforms) = postSolution
		{F201B1FD-BD84-4192-8C6E-3D185122CEB4}.Debug|Any CPU.ActiveCfg = Debug|Any CPU
		{F201B1FD-BD84-4192-8C6E-3D185122CEB4}.Debug|Any CPU.Build.0 = Debug|Any CPU
		{F201B1FD-BD84-4192-8C6E-3D185122CEB4}.Release|Any CPU.ActiveCfg = Release|Any CPU
		{F201B1FD-BD84-4192-8C6E-3D185122CEB4}.Release|Any CPU.Build.0 = Release|Any CPU
		{09AC88AB-ECE5-4544-A16D-21AEC4E10B32}.Debug|Any CPU.ActiveCfg = Debug|Any CPU
		{09AC88AB-ECE5-4544-A16D-21AEC4E10B32}.Debug|Any CPU.Build.0 = Debug|Any CPU
		{09AC88AB-ECE5-4544-A16D-21AEC4E10B32}.Release|Any CPU.ActiveCfg = Release|Any CPU
		{09AC88AB-ECE5-4544-A16D-21AEC4E10B32}.Release|Any CPU.Build.0 = Release|Any CPU
	EndGlobalSection
EndGlobal
